// !$*UTF8*$!
{
	archiveVersion = 1;
	classes = {
	};
	objectVersion = 56;
	objects = {

/* Begin PBXBuildFile section */
		19015321298FD2D800BDB429 /* StackViewSubViews.swift in Sources */ = {isa = PBXBuildFile; fileRef = 19015320298FD2D800BDB429 /* StackViewSubViews.swift */; };
		193FAB6C29759C3500385BD4 /* PlayerController.swift in Sources */ = {isa = PBXBuildFile; fileRef = 193FAB6B29759C3500385BD4 /* PlayerController.swift */; };
		19547B0829A65DBE00F8AEDE /* SettingDetailView.swift in Sources */ = {isa = PBXBuildFile; fileRef = 19547B0729A65DBE00F8AEDE /* SettingDetailView.swift */; };
		199BF310297AD88B00DAD3E1 /* MyWebUploader.swift in Sources */ = {isa = PBXBuildFile; fileRef = 199BF30F297AD88B00DAD3E1 /* MyWebUploader.swift */; };
		199BF312297AEB4900DAD3E1 /* MyFileManager.swift in Sources */ = {isa = PBXBuildFile; fileRef = 199BF311297AEB4900DAD3E1 /* MyFileManager.swift */; };
		199BF314297AEDA600DAD3E1 /* DocumentItem.swift in Sources */ = {isa = PBXBuildFile; fileRef = 199BF313297AEDA600DAD3E1 /* DocumentItem.swift */; };
		199CFD2529A4A86700C93037 /* SpeedSettingView.swift in Sources */ = {isa = PBXBuildFile; fileRef = 199CFD2429A4A86700C93037 /* SpeedSettingView.swift */; };
		199F3AD929792141001C6A3B /* CoreDataFunction.swift in Sources */ = {isa = PBXBuildFile; fileRef = 199F3AD829792141001C6A3B /* CoreDataFunction.swift */; };
		19A615D5299BAB1B00766660 /* MyWaveImage.swift in Sources */ = {isa = PBXBuildFile; fileRef = 19A615D4299BAB1B00766660 /* MyWaveImage.swift */; };
		19B41EEC296FFEA200DC30C1 /* AppDelegate.swift in Sources */ = {isa = PBXBuildFile; fileRef = 19B41EEB296FFEA200DC30C1 /* AppDelegate.swift */; };
		19B41EEE296FFEA200DC30C1 /* SceneDelegate.swift in Sources */ = {isa = PBXBuildFile; fileRef = 19B41EED296FFEA200DC30C1 /* SceneDelegate.swift */; };
		19B41EF5296FFEA300DC30C1 /* Assets.xcassets in Resources */ = {isa = PBXBuildFile; fileRef = 19B41EF4296FFEA300DC30C1 /* Assets.xcassets */; };
		19B41F042970011800DC30C1 /* TabBarController.swift in Sources */ = {isa = PBXBuildFile; fileRef = 19B41F032970011800DC30C1 /* TabBarController.swift */; };
		19B41F072970013000DC30C1 /* SnapKit in Frameworks */ = {isa = PBXBuildFile; productRef = 19B41F062970013000DC30C1 /* SnapKit */; };
		19B41F092970017100DC30C1 /* NowPlayingView.swift in Sources */ = {isa = PBXBuildFile; fileRef = 19B41F082970017100DC30C1 /* NowPlayingView.swift */; };
		19B41F172970022E00DC30C1 /* PlayListHeaderView.swift in Sources */ = {isa = PBXBuildFile; fileRef = 19B41F162970022E00DC30C1 /* PlayListHeaderView.swift */; };
		19B41F192970023D00DC30C1 /* PlayListTableViewCell.swift in Sources */ = {isa = PBXBuildFile; fileRef = 19B41F182970023D00DC30C1 /* PlayListTableViewCell.swift */; };
		19B41F1B2970025700DC30C1 /* PlayListViewController.swift in Sources */ = {isa = PBXBuildFile; fileRef = 19B41F1A2970025700DC30C1 /* PlayListViewController.swift */; };
		19B41F1E2970027C00DC30C1 /* SettingTableViewCell.swift in Sources */ = {isa = PBXBuildFile; fileRef = 19B41F1D2970027C00DC30C1 /* SettingTableViewCell.swift */; };
		19B41F202970029200DC30C1 /* SettingViewController.swift in Sources */ = {isa = PBXBuildFile; fileRef = 19B41F1F2970029200DC30C1 /* SettingViewController.swift */; };
		19B41F25297046BD00DC30C1 /* AudioData.swift in Sources */ = {isa = PBXBuildFile; fileRef = 19B41F24297046BD00DC30C1 /* AudioData.swift */; };
		19B53E63298003CA00FED417 /* CustomAlertViewController.swift in Sources */ = {isa = PBXBuildFile; fileRef = 19B53E62298003CA00FED417 /* CustomAlertViewController.swift */; };
		19B53E65298171CF00FED417 /* PlayListMoveViewController.swift in Sources */ = {isa = PBXBuildFile; fileRef = 19B53E64298171CF00FED417 /* PlayListMoveViewController.swift */; };
		19B53E67298177D000FED417 /* PlayListMoveTableViewCell.swift in Sources */ = {isa = PBXBuildFile; fileRef = 19B53E66298177D000FED417 /* PlayListMoveTableViewCell.swift */; };
		19B53E6A298179D600FED417 /* PlayListMoveHeader.swift in Sources */ = {isa = PBXBuildFile; fileRef = 19B53E69298179D600FED417 /* PlayListMoveHeader.swift */; };
		19B7B21A2985443C009E2570 /* AudioData.xcdatamodeld in Sources */ = {isa = PBXBuildFile; fileRef = 19B7B2182985443B009E2570 /* AudioData.xcdatamodeld */; };
		19B827372983F97400B2AB9C /* NewPlayerVIewController.swift in Sources */ = {isa = PBXBuildFile; fileRef = 19B827362983F97400B2AB9C /* NewPlayerVIewController.swift */; };
		19B827392983F9CD00B2AB9C /* PlayerUpperView.swift in Sources */ = {isa = PBXBuildFile; fileRef = 19B827382983F9CD00B2AB9C /* PlayerUpperView.swift */; };
		19B8273B2983F9D700B2AB9C /* PlayerLowerView.swift in Sources */ = {isa = PBXBuildFile; fileRef = 19B8273A2983F9D700B2AB9C /* PlayerLowerView.swift */; };
		19BAE879297BB2DD0074A5F2 /* PlayListMenu.swift in Sources */ = {isa = PBXBuildFile; fileRef = 19BAE878297BB2DD0074A5F2 /* PlayListMenu.swift */; };
		19D775D32978046A00252A52 /* DSWaveformImage in Frameworks */ = {isa = PBXBuildFile; productRef = 19D775D22978046A00252A52 /* DSWaveformImage */; };
		3DC72E23D6975446F4DE91E8 /* Pods_ListenApp.framework in Frameworks */ = {isa = PBXBuildFile; fileRef = 36D110751DE6A5A000243E42 /* Pods_ListenApp.framework */; };
/* End PBXBuildFile section */

/* Begin PBXFileReference section */
		19015320298FD2D800BDB429 /* StackViewSubViews.swift */ = {isa = PBXFileReference; lastKnownFileType = sourcecode.swift; path = StackViewSubViews.swift; sourceTree = "<group>"; };
		193FAB6B29759C3500385BD4 /* PlayerController.swift */ = {isa = PBXFileReference; lastKnownFileType = sourcecode.swift; path = PlayerController.swift; sourceTree = "<group>"; };
		19547B0729A65DBE00F8AEDE /* SettingDetailView.swift */ = {isa = PBXFileReference; lastKnownFileType = sourcecode.swift; path = SettingDetailView.swift; sourceTree = "<group>"; };
		199BF30F297AD88B00DAD3E1 /* MyWebUploader.swift */ = {isa = PBXFileReference; lastKnownFileType = sourcecode.swift; path = MyWebUploader.swift; sourceTree = "<group>"; };
		199BF311297AEB4900DAD3E1 /* MyFileManager.swift */ = {isa = PBXFileReference; lastKnownFileType = sourcecode.swift; path = MyFileManager.swift; sourceTree = "<group>"; };
		199BF313297AEDA600DAD3E1 /* DocumentItem.swift */ = {isa = PBXFileReference; lastKnownFileType = sourcecode.swift; path = DocumentItem.swift; sourceTree = "<group>"; };
		199CFD2429A4A86700C93037 /* SpeedSettingView.swift */ = {isa = PBXFileReference; lastKnownFileType = sourcecode.swift; path = SpeedSettingView.swift; sourceTree = "<group>"; };
		199F3AD829792141001C6A3B /* CoreDataFunction.swift */ = {isa = PBXFileReference; lastKnownFileType = sourcecode.swift; path = CoreDataFunction.swift; sourceTree = "<group>"; };
		19A615D4299BAB1B00766660 /* MyWaveImage.swift */ = {isa = PBXFileReference; lastKnownFileType = sourcecode.swift; path = MyWaveImage.swift; sourceTree = "<group>"; };
		19B41EE8296FFEA200DC30C1 /* ListenApp.app */ = {isa = PBXFileReference; explicitFileType = wrapper.application; includeInIndex = 0; path = ListenApp.app; sourceTree = BUILT_PRODUCTS_DIR; };
		19B41EEB296FFEA200DC30C1 /* AppDelegate.swift */ = {isa = PBXFileReference; lastKnownFileType = sourcecode.swift; path = AppDelegate.swift; sourceTree = "<group>"; };
		19B41EED296FFEA200DC30C1 /* SceneDelegate.swift */ = {isa = PBXFileReference; lastKnownFileType = sourcecode.swift; path = SceneDelegate.swift; sourceTree = "<group>"; };
		19B41EF4296FFEA300DC30C1 /* Assets.xcassets */ = {isa = PBXFileReference; lastKnownFileType = folder.assetcatalog; path = Assets.xcassets; sourceTree = "<group>"; };
		19B41EF9296FFEA300DC30C1 /* Info.plist */ = {isa = PBXFileReference; lastKnownFileType = text.plist.xml; path = Info.plist; sourceTree = "<group>"; };
		19B41F032970011800DC30C1 /* TabBarController.swift */ = {isa = PBXFileReference; lastKnownFileType = sourcecode.swift; path = TabBarController.swift; sourceTree = "<group>"; };
		19B41F082970017100DC30C1 /* NowPlayingView.swift */ = {isa = PBXFileReference; lastKnownFileType = sourcecode.swift; path = NowPlayingView.swift; sourceTree = "<group>"; };
		19B41F162970022E00DC30C1 /* PlayListHeaderView.swift */ = {isa = PBXFileReference; lastKnownFileType = sourcecode.swift; path = PlayListHeaderView.swift; sourceTree = "<group>"; };
		19B41F182970023D00DC30C1 /* PlayListTableViewCell.swift */ = {isa = PBXFileReference; lastKnownFileType = sourcecode.swift; path = PlayListTableViewCell.swift; sourceTree = "<group>"; };
		19B41F1A2970025700DC30C1 /* PlayListViewController.swift */ = {isa = PBXFileReference; lastKnownFileType = sourcecode.swift; path = PlayListViewController.swift; sourceTree = "<group>"; };
		19B41F1D2970027C00DC30C1 /* SettingTableViewCell.swift */ = {isa = PBXFileReference; lastKnownFileType = sourcecode.swift; path = SettingTableViewCell.swift; sourceTree = "<group>"; };
		19B41F1F2970029200DC30C1 /* SettingViewController.swift */ = {isa = PBXFileReference; lastKnownFileType = sourcecode.swift; path = SettingViewController.swift; sourceTree = "<group>"; };
		19B41F24297046BD00DC30C1 /* AudioData.swift */ = {isa = PBXFileReference; lastKnownFileType = sourcecode.swift; path = AudioData.swift; sourceTree = "<group>"; };
		19B53E62298003CA00FED417 /* CustomAlertViewController.swift */ = {isa = PBXFileReference; lastKnownFileType = sourcecode.swift; path = CustomAlertViewController.swift; sourceTree = "<group>"; };
		19B53E64298171CF00FED417 /* PlayListMoveViewController.swift */ = {isa = PBXFileReference; lastKnownFileType = sourcecode.swift; path = PlayListMoveViewController.swift; sourceTree = "<group>"; };
		19B53E66298177D000FED417 /* PlayListMoveTableViewCell.swift */ = {isa = PBXFileReference; lastKnownFileType = sourcecode.swift; path = PlayListMoveTableViewCell.swift; sourceTree = "<group>"; };
		19B53E69298179D600FED417 /* PlayListMoveHeader.swift */ = {isa = PBXFileReference; lastKnownFileType = sourcecode.swift; path = PlayListMoveHeader.swift; sourceTree = "<group>"; };
		19B7B2192985443B009E2570 /* AudioData.xcdatamodel */ = {isa = PBXFileReference; lastKnownFileType = wrapper.xcdatamodel; path = AudioData.xcdatamodel; sourceTree = "<group>"; };
		19B827362983F97400B2AB9C /* NewPlayerVIewController.swift */ = {isa = PBXFileReference; lastKnownFileType = sourcecode.swift; path = NewPlayerVIewController.swift; sourceTree = "<group>"; };
		19B827382983F9CD00B2AB9C /* PlayerUpperView.swift */ = {isa = PBXFileReference; lastKnownFileType = sourcecode.swift; path = PlayerUpperView.swift; sourceTree = "<group>"; };
		19B8273A2983F9D700B2AB9C /* PlayerLowerView.swift */ = {isa = PBXFileReference; lastKnownFileType = sourcecode.swift; path = PlayerLowerView.swift; sourceTree = "<group>"; };
		19BAE878297BB2DD0074A5F2 /* PlayListMenu.swift */ = {isa = PBXFileReference; lastKnownFileType = sourcecode.swift; path = PlayListMenu.swift; sourceTree = "<group>"; };
		36D110751DE6A5A000243E42 /* Pods_ListenApp.framework */ = {isa = PBXFileReference; explicitFileType = wrapper.framework; includeInIndex = 0; path = Pods_ListenApp.framework; sourceTree = BUILT_PRODUCTS_DIR; };
		7F26B11B73A0C3D37BD988AE /* Pods-ListenApp.debug.xcconfig */ = {isa = PBXFileReference; includeInIndex = 1; lastKnownFileType = text.xcconfig; name = "Pods-ListenApp.debug.xcconfig"; path = "Target Support Files/Pods-ListenApp/Pods-ListenApp.debug.xcconfig"; sourceTree = "<group>"; };
		E95A5ACEE65507482DBFCF52 /* Pods-ListenApp.release.xcconfig */ = {isa = PBXFileReference; includeInIndex = 1; lastKnownFileType = text.xcconfig; name = "Pods-ListenApp.release.xcconfig"; path = "Target Support Files/Pods-ListenApp/Pods-ListenApp.release.xcconfig"; sourceTree = "<group>"; };
/* End PBXFileReference section */

/* Begin PBXFrameworksBuildPhase section */
		19B41EE5296FFEA200DC30C1 /* Frameworks */ = {
			isa = PBXFrameworksBuildPhase;
			buildActionMask = 2147483647;
			files = (
				19D775D32978046A00252A52 /* DSWaveformImage in Frameworks */,
				19B41F072970013000DC30C1 /* SnapKit in Frameworks */,
				3DC72E23D6975446F4DE91E8 /* Pods_ListenApp.framework in Frameworks */,
			);
			runOnlyForDeploymentPostprocessing = 0;
		};
/* End PBXFrameworksBuildPhase section */

/* Begin PBXGroup section */
		19B41EDF296FFEA200DC30C1 = {
			isa = PBXGroup;
			children = (
				19B41EEA296FFEA200DC30C1 /* ListenApp */,
				19B41EE9296FFEA200DC30C1 /* Products */,
				B56D132C95873565FEEDE6D4 /* Pods */,
				E54A3B50B0277DC9548E3F2B /* Frameworks */,
			);
			sourceTree = "<group>";
		};
		19B41EE9296FFEA200DC30C1 /* Products */ = {
			isa = PBXGroup;
			children = (
				19B41EE8296FFEA200DC30C1 /* ListenApp.app */,
			);
			name = Products;
			sourceTree = "<group>";
		};
		19B41EEA296FFEA200DC30C1 /* ListenApp */ = {
			isa = PBXGroup;
			children = (
				19B41EEB296FFEA200DC30C1 /* AppDelegate.swift */,
				19B41EED296FFEA200DC30C1 /* SceneDelegate.swift */,
				19B41EF4296FFEA300DC30C1 /* Assets.xcassets */,
				19B41EF9296FFEA300DC30C1 /* Info.plist */,
				19B9F733299D051500721CEE /* CoreData */,
				19B41F23297046A600DC30C1 /* Entities */,
				19B41F22297002C400DC30C1 /* Scences */,
			);
			path = ListenApp;
			sourceTree = "<group>";
		};
		19B41F1C2970026900DC30C1 /* PlayList */ = {
			isa = PBXGroup;
			children = (
				19B41F162970022E00DC30C1 /* PlayListHeaderView.swift */,
				19B41F182970023D00DC30C1 /* PlayListTableViewCell.swift */,
				19B41F1A2970025700DC30C1 /* PlayListViewController.swift */,
			);
			path = PlayList;
			sourceTree = "<group>";
		};
		19B41F21297002B400DC30C1 /* Setting */ = {
			isa = PBXGroup;
			children = (
				19B41F1D2970027C00DC30C1 /* SettingTableViewCell.swift */,
				19B41F1F2970029200DC30C1 /* SettingViewController.swift */,
				19547B0729A65DBE00F8AEDE /* SettingDetailView.swift */,
			);
			path = Setting;
			sourceTree = "<group>";
		};
		19B41F22297002C400DC30C1 /* Scences */ = {
			isa = PBXGroup;
			children = (
				19B41F082970017100DC30C1 /* NowPlayingView.swift */,
				19B41F032970011800DC30C1 /* TabBarController.swift */,
				19B53E68298179B000FED417 /* PlayListMove */,
				19B41F21297002B400DC30C1 /* Setting */,
				19B41F1C2970026900DC30C1 /* PlayList */,
				19B827352983F77200B2AB9C /* NewPlayer */,
			);
			path = Scences;
			sourceTree = "<group>";
		};
		19B41F23297046A600DC30C1 /* Entities */ = {
			isa = PBXGroup;
			children = (
				19B41F24297046BD00DC30C1 /* AudioData.swift */,
				193FAB6B29759C3500385BD4 /* PlayerController.swift */,
				199BF30F297AD88B00DAD3E1 /* MyWebUploader.swift */,
				199BF311297AEB4900DAD3E1 /* MyFileManager.swift */,
				199BF313297AEDA600DAD3E1 /* DocumentItem.swift */,
				19BAE878297BB2DD0074A5F2 /* PlayListMenu.swift */,
				19B53E62298003CA00FED417 /* CustomAlertViewController.swift */,
				19015320298FD2D800BDB429 /* StackViewSubViews.swift */,
				19A615D4299BAB1B00766660 /* MyWaveImage.swift */,
				199CFD2429A4A86700C93037 /* SpeedSettingView.swift */,
			);
			path = Entities;
			sourceTree = "<group>";
		};
		19B53E68298179B000FED417 /* PlayListMove */ = {
			isa = PBXGroup;
			children = (
				19B53E64298171CF00FED417 /* PlayListMoveViewController.swift */,
				19B53E66298177D000FED417 /* PlayListMoveTableViewCell.swift */,
				19B53E69298179D600FED417 /* PlayListMoveHeader.swift */,
			);
			path = PlayListMove;
			sourceTree = "<group>";
		};
		19B827352983F77200B2AB9C /* NewPlayer */ = {
			isa = PBXGroup;
			children = (
				19B827362983F97400B2AB9C /* NewPlayerVIewController.swift */,
				19B827382983F9CD00B2AB9C /* PlayerUpperView.swift */,
				19B8273A2983F9D700B2AB9C /* PlayerLowerView.swift */,
			);
			path = NewPlayer;
			sourceTree = "<group>";
		};
		19B9F733299D051500721CEE /* CoreData */ = {
			isa = PBXGroup;
			children = (
				19B7B2182985443B009E2570 /* AudioData.xcdatamodeld */,
				199F3AD829792141001C6A3B /* CoreDataFunction.swift */,
			);
			path = CoreData;
			sourceTree = "<group>";
		};
		B56D132C95873565FEEDE6D4 /* Pods */ = {
			isa = PBXGroup;
			children = (
				7F26B11B73A0C3D37BD988AE /* Pods-ListenApp.debug.xcconfig */,
				E95A5ACEE65507482DBFCF52 /* Pods-ListenApp.release.xcconfig */,
			);
			path = Pods;
			sourceTree = "<group>";
		};
		E54A3B50B0277DC9548E3F2B /* Frameworks */ = {
			isa = PBXGroup;
			children = (
				36D110751DE6A5A000243E42 /* Pods_ListenApp.framework */,
			);
			name = Frameworks;
			sourceTree = "<group>";
		};
/* End PBXGroup section */

/* Begin PBXNativeTarget section */
		19B41EE7296FFEA200DC30C1 /* ListenApp */ = {
			isa = PBXNativeTarget;
			buildConfigurationList = 19B41EFC296FFEA300DC30C1 /* Build configuration list for PBXNativeTarget "ListenApp" */;
			buildPhases = (
				E8A3CCC52AEB691B91532997 /* [CP] Check Pods Manifest.lock */,
				19B41EE4296FFEA200DC30C1 /* Sources */,
				19B41EE5296FFEA200DC30C1 /* Frameworks */,
				19B41EE6296FFEA200DC30C1 /* Resources */,
				30F5A6CE66624D67B576A5E1 /* [CP] Embed Pods Frameworks */,
			);
			buildRules = (
			);
			dependencies = (
			);
			name = ListenApp;
			packageProductDependencies = (
				19B41F062970013000DC30C1 /* SnapKit */,
				19D775D22978046A00252A52 /* DSWaveformImage */,
			);
			productName = ListenApp;
			productReference = 19B41EE8296FFEA200DC30C1 /* ListenApp.app */;
			productType = "com.apple.product-type.application";
		};
/* End PBXNativeTarget section */

/* Begin PBXProject section */
		19B41EE0296FFEA200DC30C1 /* Project object */ = {
			isa = PBXProject;
			attributes = {
				BuildIndependentTargetsInParallel = 1;
				LastSwiftUpdateCheck = 1410;
				LastUpgradeCheck = 1410;
				TargetAttributes = {
					19B41EE7296FFEA200DC30C1 = {
						CreatedOnToolsVersion = 14.1;
					};
				};
			};
			buildConfigurationList = 19B41EE3296FFEA200DC30C1 /* Build configuration list for PBXProject "ListenApp" */;
			compatibilityVersion = "Xcode 14.0";
			developmentRegion = en;
			hasScannedForEncodings = 0;
			knownRegions = (
				en,
				Base,
			);
			mainGroup = 19B41EDF296FFEA200DC30C1;
			packageReferences = (
				19B41F052970013000DC30C1 /* XCRemoteSwiftPackageReference "SnapKit" */,
				19D775D12978046A00252A52 /* XCRemoteSwiftPackageReference "DSWaveformImage" */,
			);
			productRefGroup = 19B41EE9296FFEA200DC30C1 /* Products */;
			projectDirPath = "";
			projectRoot = "";
			targets = (
				19B41EE7296FFEA200DC30C1 /* ListenApp */,
			);
		};
/* End PBXProject section */

/* Begin PBXResourcesBuildPhase section */
		19B41EE6296FFEA200DC30C1 /* Resources */ = {
			isa = PBXResourcesBuildPhase;
			buildActionMask = 2147483647;
			files = (
				19B41EF5296FFEA300DC30C1 /* Assets.xcassets in Resources */,
			);
			runOnlyForDeploymentPostprocessing = 0;
		};
/* End PBXResourcesBuildPhase section */

/* Begin PBXShellScriptBuildPhase section */
		30F5A6CE66624D67B576A5E1 /* [CP] Embed Pods Frameworks */ = {
			isa = PBXShellScriptBuildPhase;
			buildActionMask = 2147483647;
			files = (
			);
			inputFileListPaths = (
				"${PODS_ROOT}/Target Support Files/Pods-ListenApp/Pods-ListenApp-frameworks-${CONFIGURATION}-input-files.xcfilelist",
			);
			name = "[CP] Embed Pods Frameworks";
			outputFileListPaths = (
				"${PODS_ROOT}/Target Support Files/Pods-ListenApp/Pods-ListenApp-frameworks-${CONFIGURATION}-output-files.xcfilelist",
			);
			runOnlyForDeploymentPostprocessing = 0;
			shellPath = /bin/sh;
			shellScript = "\"${PODS_ROOT}/Target Support Files/Pods-ListenApp/Pods-ListenApp-frameworks.sh\"\n";
			showEnvVarsInLog = 0;
		};
		E8A3CCC52AEB691B91532997 /* [CP] Check Pods Manifest.lock */ = {
			isa = PBXShellScriptBuildPhase;
			buildActionMask = 2147483647;
			files = (
			);
			inputFileListPaths = (
			);
			inputPaths = (
				"${PODS_PODFILE_DIR_PATH}/Podfile.lock",
				"${PODS_ROOT}/Manifest.lock",
			);
			name = "[CP] Check Pods Manifest.lock";
			outputFileListPaths = (
			);
			outputPaths = (
				"$(DERIVED_FILE_DIR)/Pods-ListenApp-checkManifestLockResult.txt",
			);
			runOnlyForDeploymentPostprocessing = 0;
			shellPath = /bin/sh;
			shellScript = "diff \"${PODS_PODFILE_DIR_PATH}/Podfile.lock\" \"${PODS_ROOT}/Manifest.lock\" > /dev/null\nif [ $? != 0 ] ; then\n    # print error to STDERR\n    echo \"error: The sandbox is not in sync with the Podfile.lock. Run 'pod install' or update your CocoaPods installation.\" >&2\n    exit 1\nfi\n# This output is used by Xcode 'outputs' to avoid re-running this script phase.\necho \"SUCCESS\" > \"${SCRIPT_OUTPUT_FILE_0}\"\n";
			showEnvVarsInLog = 0;
		};
/* End PBXShellScriptBuildPhase section */

/* Begin PBXSourcesBuildPhase section */
		19B41EE4296FFEA200DC30C1 /* Sources */ = {
			isa = PBXSourcesBuildPhase;
			buildActionMask = 2147483647;
			files = (
				19A615D5299BAB1B00766660 /* MyWaveImage.swift in Sources */,
				19B41F192970023D00DC30C1 /* PlayListTableViewCell.swift in Sources */,
				19B8273B2983F9D700B2AB9C /* PlayerLowerView.swift in Sources */,
				19B827392983F9CD00B2AB9C /* PlayerUpperView.swift in Sources */,
				19B41F042970011800DC30C1 /* TabBarController.swift in Sources */,
				19B53E67298177D000FED417 /* PlayListMoveTableViewCell.swift in Sources */,
				19B41EEC296FFEA200DC30C1 /* AppDelegate.swift in Sources */,
				199CFD2529A4A86700C93037 /* SpeedSettingView.swift in Sources */,
				19B7B21A2985443C009E2570 /* AudioData.xcdatamodeld in Sources */,
				19B41F202970029200DC30C1 /* SettingViewController.swift in Sources */,
				19B41F092970017100DC30C1 /* NowPlayingView.swift in Sources */,
				199BF312297AEB4900DAD3E1 /* MyFileManager.swift in Sources */,
				19B41F25297046BD00DC30C1 /* AudioData.swift in Sources */,
				199BF314297AEDA600DAD3E1 /* DocumentItem.swift in Sources */,
				19B41F1E2970027C00DC30C1 /* SettingTableViewCell.swift in Sources */,
				19B53E6A298179D600FED417 /* PlayListMoveHeader.swift in Sources */,
				199BF310297AD88B00DAD3E1 /* MyWebUploader.swift in Sources */,
				19B41F1B2970025700DC30C1 /* PlayListViewController.swift in Sources */,
				19015321298FD2D800BDB429 /* StackViewSubViews.swift in Sources */,
				19B41F172970022E00DC30C1 /* PlayListHeaderView.swift in Sources */,
				19B53E65298171CF00FED417 /* PlayListMoveViewController.swift in Sources */,
				19B827372983F97400B2AB9C /* NewPlayerVIewController.swift in Sources */,
				19B41EEE296FFEA200DC30C1 /* SceneDelegate.swift in Sources */,
				19B53E63298003CA00FED417 /* CustomAlertViewController.swift in Sources */,
				19BAE879297BB2DD0074A5F2 /* PlayListMenu.swift in Sources */,
				199F3AD929792141001C6A3B /* CoreDataFunction.swift in Sources */,
				19547B0829A65DBE00F8AEDE /* SettingDetailView.swift in Sources */,
				193FAB6C29759C3500385BD4 /* PlayerController.swift in Sources */,
			);
			runOnlyForDeploymentPostprocessing = 0;
		};
/* End PBXSourcesBuildPhase section */

/* Begin XCBuildConfiguration section */
		19B41EFA296FFEA300DC30C1 /* Debug */ = {
			isa = XCBuildConfiguration;
			buildSettings = {
				ALWAYS_SEARCH_USER_PATHS = NO;
				CLANG_ANALYZER_NONNULL = YES;
				CLANG_ANALYZER_NUMBER_OBJECT_CONVERSION = YES_AGGRESSIVE;
				CLANG_CXX_LANGUAGE_STANDARD = "gnu++20";
				CLANG_ENABLE_MODULES = YES;
				CLANG_ENABLE_OBJC_ARC = YES;
				CLANG_ENABLE_OBJC_WEAK = YES;
				CLANG_WARN_BLOCK_CAPTURE_AUTORELEASING = YES;
				CLANG_WARN_BOOL_CONVERSION = YES;
				CLANG_WARN_COMMA = YES;
				CLANG_WARN_CONSTANT_CONVERSION = YES;
				CLANG_WARN_DEPRECATED_OBJC_IMPLEMENTATIONS = YES;
				CLANG_WARN_DIRECT_OBJC_ISA_USAGE = YES_ERROR;
				CLANG_WARN_DOCUMENTATION_COMMENTS = YES;
				CLANG_WARN_EMPTY_BODY = YES;
				CLANG_WARN_ENUM_CONVERSION = YES;
				CLANG_WARN_INFINITE_RECURSION = YES;
				CLANG_WARN_INT_CONVERSION = YES;
				CLANG_WARN_NON_LITERAL_NULL_CONVERSION = YES;
				CLANG_WARN_OBJC_IMPLICIT_RETAIN_SELF = YES;
				CLANG_WARN_OBJC_LITERAL_CONVERSION = YES;
				CLANG_WARN_OBJC_ROOT_CLASS = YES_ERROR;
				CLANG_WARN_QUOTED_INCLUDE_IN_FRAMEWORK_HEADER = YES;
				CLANG_WARN_RANGE_LOOP_ANALYSIS = YES;
				CLANG_WARN_STRICT_PROTOTYPES = YES;
				CLANG_WARN_SUSPICIOUS_MOVE = YES;
				CLANG_WARN_UNGUARDED_AVAILABILITY = YES_AGGRESSIVE;
				CLANG_WARN_UNREACHABLE_CODE = YES;
				CLANG_WARN__DUPLICATE_METHOD_MATCH = YES;
				COPY_PHASE_STRIP = NO;
				DEBUG_INFORMATION_FORMAT = dwarf;
				ENABLE_STRICT_OBJC_MSGSEND = YES;
				ENABLE_TESTABILITY = YES;
				GCC_C_LANGUAGE_STANDARD = gnu11;
				GCC_DYNAMIC_NO_PIC = NO;
				GCC_NO_COMMON_BLOCKS = YES;
				GCC_OPTIMIZATION_LEVEL = 0;
				GCC_PREPROCESSOR_DEFINITIONS = (
					"DEBUG=1",
					"$(inherited)",
				);
				GCC_WARN_64_TO_32_BIT_CONVERSION = YES;
				GCC_WARN_ABOUT_RETURN_TYPE = YES_ERROR;
				GCC_WARN_UNDECLARED_SELECTOR = YES;
				GCC_WARN_UNINITIALIZED_AUTOS = YES_AGGRESSIVE;
				GCC_WARN_UNUSED_FUNCTION = YES;
				GCC_WARN_UNUSED_VARIABLE = YES;
				IPHONEOS_DEPLOYMENT_TARGET = 16.1;
				MTL_ENABLE_DEBUG_INFO = INCLUDE_SOURCE;
				MTL_FAST_MATH = YES;
				ONLY_ACTIVE_ARCH = YES;
				SDKROOT = iphoneos;
				SWIFT_ACTIVE_COMPILATION_CONDITIONS = DEBUG;
				SWIFT_OPTIMIZATION_LEVEL = "-Onone";
			};
			name = Debug;
		};
		19B41EFB296FFEA300DC30C1 /* Release */ = {
			isa = XCBuildConfiguration;
			buildSettings = {
				ALWAYS_SEARCH_USER_PATHS = NO;
				CLANG_ANALYZER_NONNULL = YES;
				CLANG_ANALYZER_NUMBER_OBJECT_CONVERSION = YES_AGGRESSIVE;
				CLANG_CXX_LANGUAGE_STANDARD = "gnu++20";
				CLANG_ENABLE_MODULES = YES;
				CLANG_ENABLE_OBJC_ARC = YES;
				CLANG_ENABLE_OBJC_WEAK = YES;
				CLANG_WARN_BLOCK_CAPTURE_AUTORELEASING = YES;
				CLANG_WARN_BOOL_CONVERSION = YES;
				CLANG_WARN_COMMA = YES;
				CLANG_WARN_CONSTANT_CONVERSION = YES;
				CLANG_WARN_DEPRECATED_OBJC_IMPLEMENTATIONS = YES;
				CLANG_WARN_DIRECT_OBJC_ISA_USAGE = YES_ERROR;
				CLANG_WARN_DOCUMENTATION_COMMENTS = YES;
				CLANG_WARN_EMPTY_BODY = YES;
				CLANG_WARN_ENUM_CONVERSION = YES;
				CLANG_WARN_INFINITE_RECURSION = YES;
				CLANG_WARN_INT_CONVERSION = YES;
				CLANG_WARN_NON_LITERAL_NULL_CONVERSION = YES;
				CLANG_WARN_OBJC_IMPLICIT_RETAIN_SELF = YES;
				CLANG_WARN_OBJC_LITERAL_CONVERSION = YES;
				CLANG_WARN_OBJC_ROOT_CLASS = YES_ERROR;
				CLANG_WARN_QUOTED_INCLUDE_IN_FRAMEWORK_HEADER = YES;
				CLANG_WARN_RANGE_LOOP_ANALYSIS = YES;
				CLANG_WARN_STRICT_PROTOTYPES = YES;
				CLANG_WARN_SUSPICIOUS_MOVE = YES;
				CLANG_WARN_UNGUARDED_AVAILABILITY = YES_AGGRESSIVE;
				CLANG_WARN_UNREACHABLE_CODE = YES;
				CLANG_WARN__DUPLICATE_METHOD_MATCH = YES;
				COPY_PHASE_STRIP = NO;
				DEBUG_INFORMATION_FORMAT = "dwarf-with-dsym";
				ENABLE_NS_ASSERTIONS = NO;
				ENABLE_STRICT_OBJC_MSGSEND = YES;
				GCC_C_LANGUAGE_STANDARD = gnu11;
				GCC_NO_COMMON_BLOCKS = YES;
				GCC_WARN_64_TO_32_BIT_CONVERSION = YES;
				GCC_WARN_ABOUT_RETURN_TYPE = YES_ERROR;
				GCC_WARN_UNDECLARED_SELECTOR = YES;
				GCC_WARN_UNINITIALIZED_AUTOS = YES_AGGRESSIVE;
				GCC_WARN_UNUSED_FUNCTION = YES;
				GCC_WARN_UNUSED_VARIABLE = YES;
				IPHONEOS_DEPLOYMENT_TARGET = 16.1;
				MTL_ENABLE_DEBUG_INFO = NO;
				MTL_FAST_MATH = YES;
				SDKROOT = iphoneos;
				SWIFT_COMPILATION_MODE = wholemodule;
				SWIFT_OPTIMIZATION_LEVEL = "-O";
				VALIDATE_PRODUCT = YES;
			};
			name = Release;
		};
		19B41EFD296FFEA300DC30C1 /* Debug */ = {
			isa = XCBuildConfiguration;
			baseConfigurationReference = 7F26B11B73A0C3D37BD988AE /* Pods-ListenApp.debug.xcconfig */;
			buildSettings = {
				ASSETCATALOG_COMPILER_APPICON_NAME = AppIcon;
				ASSETCATALOG_COMPILER_GLOBAL_ACCENT_COLOR_NAME = AccentColor;
				CODE_SIGN_STYLE = Automatic;
				CURRENT_PROJECT_VERSION = 1;
				DEVELOPMENT_TEAM = F3D9B82VHA;
				GENERATE_INFOPLIST_FILE = YES;
				INFOPLIST_FILE = ListenApp/Info.plist;
				INFOPLIST_KEY_LSSupportsOpeningDocumentsInPlace = YES;
				INFOPLIST_KEY_UIApplicationSupportsIndirectInputEvents = YES;
				INFOPLIST_KEY_UILaunchStoryboardName = LaunchScreen;
				INFOPLIST_KEY_UISupportedInterfaceOrientations_iPad = "UIInterfaceOrientationPortrait UIInterfaceOrientationPortraitUpsideDown UIInterfaceOrientationLandscapeLeft UIInterfaceOrientationLandscapeRight";
				INFOPLIST_KEY_UISupportedInterfaceOrientations_iPhone = "UIInterfaceOrientationPortrait UIInterfaceOrientationLandscapeLeft UIInterfaceOrientationLandscapeRight";
				LD_RUNPATH_SEARCH_PATHS = (
					"$(inherited)",
					"@executable_path/Frameworks",
				);
				MARKETING_VERSION = 1.0;
				PRODUCT_BUNDLE_IDENTIFIER = jh.ListenApp;
				PRODUCT_NAME = "$(TARGET_NAME)";
				SWIFT_EMIT_LOC_STRINGS = YES;
				SWIFT_VERSION = 5.0;
				TARGETED_DEVICE_FAMILY = "1,2";
			};
			name = Debug;
		};
		19B41EFE296FFEA300DC30C1 /* Release */ = {
			isa = XCBuildConfiguration;
			baseConfigurationReference = E95A5ACEE65507482DBFCF52 /* Pods-ListenApp.release.xcconfig */;
			buildSettings = {
				ASSETCATALOG_COMPILER_APPICON_NAME = AppIcon;
				ASSETCATALOG_COMPILER_GLOBAL_ACCENT_COLOR_NAME = AccentColor;
				CODE_SIGN_STYLE = Automatic;
				CURRENT_PROJECT_VERSION = 1;
				DEVELOPMENT_TEAM = F3D9B82VHA;
				GENERATE_INFOPLIST_FILE = YES;
				INFOPLIST_FILE = ListenApp/Info.plist;
				INFOPLIST_KEY_LSSupportsOpeningDocumentsInPlace = YES;
				INFOPLIST_KEY_UIApplicationSupportsIndirectInputEvents = YES;
				INFOPLIST_KEY_UILaunchStoryboardName = LaunchScreen;
				INFOPLIST_KEY_UISupportedInterfaceOrientations_iPad = "UIInterfaceOrientationPortrait UIInterfaceOrientationPortraitUpsideDown UIInterfaceOrientationLandscapeLeft UIInterfaceOrientationLandscapeRight";
				INFOPLIST_KEY_UISupportedInterfaceOrientations_iPhone = "UIInterfaceOrientationPortrait UIInterfaceOrientationLandscapeLeft UIInterfaceOrientationLandscapeRight";
				LD_RUNPATH_SEARCH_PATHS = (
					"$(inherited)",
					"@executable_path/Frameworks",
				);
				MARKETING_VERSION = 1.0;
				PRODUCT_BUNDLE_IDENTIFIER = jh.ListenApp;
				PRODUCT_NAME = "$(TARGET_NAME)";
				SWIFT_EMIT_LOC_STRINGS = YES;
				SWIFT_VERSION = 5.0;
				TARGETED_DEVICE_FAMILY = "1,2";
			};
			name = Release;
		};
/* End XCBuildConfiguration section */

/* Begin XCConfigurationList section */
		19B41EE3296FFEA200DC30C1 /* Build configuration list for PBXProject "ListenApp" */ = {
			isa = XCConfigurationList;
			buildConfigurations = (
				19B41EFA296FFEA300DC30C1 /* Debug */,
				19B41EFB296FFEA300DC30C1 /* Release */,
			);
			defaultConfigurationIsVisible = 0;
			defaultConfigurationName = Release;
		};
		19B41EFC296FFEA300DC30C1 /* Build configuration list for PBXNativeTarget "ListenApp" */ = {
			isa = XCConfigurationList;
			buildConfigurations = (
				19B41EFD296FFEA300DC30C1 /* Debug */,
				19B41EFE296FFEA300DC30C1 /* Release */,
			);
			defaultConfigurationIsVisible = 0;
			defaultConfigurationName = Release;
		};
/* End XCConfigurationList section */

/* Begin XCRemoteSwiftPackageReference section */
		19B41F052970013000DC30C1 /* XCRemoteSwiftPackageReference "SnapKit" */ = {
			isa = XCRemoteSwiftPackageReference;
			repositoryURL = "https://github.com/SnapKit/SnapKit.git";
			requirement = {
				kind = upToNextMajorVersion;
				minimumVersion = 5.0.0;
			};
		};
		19D775D12978046A00252A52 /* XCRemoteSwiftPackageReference "DSWaveformImage" */ = {
			isa = XCRemoteSwiftPackageReference;
			repositoryURL = "https://github.com/dmrschmidt/DSWaveformImage";
			requirement = {
				kind = upToNextMajorVersion;
				minimumVersion = 9.0.0;
			};
		};
/* End XCRemoteSwiftPackageReference section */

/* Begin XCSwiftPackageProductDependency section */
		19B41F062970013000DC30C1 /* SnapKit */ = {
			isa = XCSwiftPackageProductDependency;
			package = 19B41F052970013000DC30C1 /* XCRemoteSwiftPackageReference "SnapKit" */;
			productName = SnapKit;
		};
		19D775D22978046A00252A52 /* DSWaveformImage */ = {
			isa = XCSwiftPackageProductDependency;
			package = 19D775D12978046A00252A52 /* XCRemoteSwiftPackageReference "DSWaveformImage" */;
			productName = DSWaveformImage;
		};
/* End XCSwiftPackageProductDependency section */

/* Begin XCVersionGroup section */
		19B7B2182985443B009E2570 /* AudioData.xcdatamodeld */ = {
			isa = XCVersionGroup;
			children = (
				19B7B2192985443B009E2570 /* AudioData.xcdatamodel */,
			);
			currentVersion = 19B7B2192985443B009E2570 /* AudioData.xcdatamodel */;
			path = AudioData.xcdatamodeld;
			sourceTree = "<group>";
			versionGroupType = wrapper.xcdatamodel;
		};
/* End XCVersionGroup section */
	};
	rootObject = 19B41EE0296FFEA200DC30C1 /* Project object */;
}
